<?xml version="1.0" encoding="utf-8"?>
<Project ToolsVersion="4.0" xmlns="http://schemas.microsoft.com/developer/msbuild/2003">
  <ItemGroup>
    <Filter Include="소스 파일">
      <UniqueIdentifier>{4FC737F1-C7A5-4376-A066-2A32D752A2FF}</UniqueIdentifier>
      <Extensions>cpp;c;cc;cxx;c++;cppm;ixx;def;odl;idl;hpj;bat;asm;asmx</Extensions>
    </Filter>
    <Filter Include="헤더 파일">
      <UniqueIdentifier>{93995380-89BD-4b04-88EB-625FBE52EBFB}</UniqueIdentifier>
      <Extensions>h;hh;hpp;hxx;h++;hm;inl;inc;ipp;xsd</Extensions>
    </Filter>
    <Filter Include="리소스 파일">
      <UniqueIdentifier>{67DA6AB6-F800-4c08-8B7A-83BB121AAD01}</UniqueIdentifier>
      <Extensions>rc;ico;cur;bmp;dlg;rc2;rct;bin;rgs;gif;jpg;jpeg;jpe;resx;tiff;tif;png;wav;mfcribbon-ms</Extensions>
    </Filter>
  </ItemGroup>
  <ItemGroup>
    <ClCompile Include="4_가변인자템플릿1.cpp">
      <Filter>소스 파일</Filter>
    </ClCompile>
    <ClCompile Include="4_가변인자템플릿2.cpp">
      <Filter>소스 파일</Filter>
    </ClCompile>
    <ClCompile Include="4_가변인자템플릿3.cpp">
      <Filter>소스 파일</Filter>
    </ClCompile>
    <ClCompile Include="4_가변인자템플릿4.cpp">
      <Filter>소스 파일</Filter>
    </ClCompile>
    <ClCompile Include="4_가변인자템플릿5.cpp">
      <Filter>소스 파일</Filter>
    </ClCompile>
    <ClCompile Include="4_가변인자템플릿6.cpp">
      <Filter>소스 파일</Filter>
    </ClCompile>
    <ClCompile Include="4_가변인자템플릿7.cpp">
      <Filter>소스 파일</Filter>
    </ClCompile>
    <ClCompile Include="6_가변인자템플릿활용1.cpp">
      <Filter>소스 파일</Filter>
    </ClCompile>
    <ClCompile Include="6_가변인자템플릿활용2.cpp">
      <Filter>소스 파일</Filter>
    </ClCompile>
    <ClCompile Include="7_tuple1.cpp">
      <Filter>소스 파일</Filter>
    </ClCompile>
    <ClCompile Include="7_tuple2.cpp">
      <Filter>소스 파일</Filter>
    </ClCompile>
    <ClCompile Include="7_tuple3.cpp">
      <Filter>소스 파일</Filter>
    </ClCompile>
    <ClCompile Include="7_tuple4.cpp">
      <Filter>소스 파일</Filter>
    </ClCompile>
    <ClCompile Include="7_tuple5.cpp">
      <Filter>소스 파일</Filter>
    </ClCompile>
    <ClCompile Include="8_get1.cpp">
      <Filter>소스 파일</Filter>
    </ClCompile>
    <ClCompile Include="8_get2.cpp">
      <Filter>소스 파일</Filter>
    </ClCompile>
    <ClCompile Include="8_get3.cpp">
      <Filter>소스 파일</Filter>
    </ClCompile>
    <ClCompile Include="5_FOLD1.cpp">
      <Filter>소스 파일</Filter>
    </ClCompile>
    <ClCompile Include="5_FOLD2.cpp">
      <Filter>소스 파일</Filter>
    </ClCompile>
    <ClCompile Include="3_enable_if6.cpp">
      <Filter>소스 파일</Filter>
    </ClCompile>
    <ClCompile Include="2_SFINAE1.cpp">
      <Filter>소스 파일</Filter>
    </ClCompile>
    <ClCompile Include="2_SFINAE2.cpp">
      <Filter>소스 파일</Filter>
    </ClCompile>
    <ClCompile Include="3_enable_if1.cpp">
      <Filter>소스 파일</Filter>
    </ClCompile>
    <ClCompile Include="3_enable_if2.cpp">
      <Filter>소스 파일</Filter>
    </ClCompile>
    <ClCompile Include="3_enable_if3.cpp">
      <Filter>소스 파일</Filter>
    </ClCompile>
    <ClCompile Include="3_enable_if4.cpp">
      <Filter>소스 파일</Filter>
    </ClCompile>
    <ClCompile Include="1_explicit_instantiation1.cpp">
      <Filter>소스 파일</Filter>
    </ClCompile>
    <ClCompile Include="1_explicit_instantiation2.cpp">
      <Filter>소스 파일</Filter>
    </ClCompile>
    <ClCompile Include="square.cpp">
      <Filter>소스 파일</Filter>
    </ClCompile>
    <ClCompile Include="3_enable_if5.cpp">
      <Filter>소스 파일</Filter>
    </ClCompile>
    <ClCompile Include="5_FOLD3.cpp">
      <Filter>소스 파일</Filter>
    </ClCompile>
  </ItemGroup>
  <ItemGroup>
    <ClInclude Include="square.h">
      <Filter>소스 파일</Filter>
    </ClInclude>
  </ItemGroup>
</Project>